
Microsoft Visual Studio Solution File, Format Version 12.00
# Visual Studio Version 16
VisualStudioVersion = 16.0.31410.357
MinimumVisualStudioVersion = 10.0.40219.1
Project("{9A19103F-16F7-4668-BE54-9A1E7A4F7556}") = "BusinessLayer", "BusinessLayer\BusinessLayer.csproj", "{896502A4-6781-4515-88BF-A5AD70A06CD7}"
EndProject
Project("{9A19103F-16F7-4668-BE54-9A1E7A4F7556}") = "UnitTests", "UnitTests\UnitTests.csproj", "{6D43EB5F-59EE-4531-9FAD-9F0140101109}"
EndProject
Project("{FAE04EC0-301F-11D3-BF4B-00C04F79EFBC}") = "FleetDatabase", "FleetDatabase\FleetDatabase.csproj", "{3AB477B8-6356-4E30-8EA6-D301B54AD092}"
EndProject
Global
	GlobalSection(SolutionConfigurationPlatforms) = preSolution
		Debug|Any CPU = Debug|Any CPU
		Release|Any CPU = Release|Any CPU
	EndGlobalSection
	GlobalSection(ProjectConfigurationPlatforms) = postSolution
		{896502A4-6781-4515-88BF-A5AD70A06CD7}.Debug|Any CPU.ActiveCfg = Debug|Any CPU
		{896502A4-6781-4515-88BF-A5AD70A06CD7}.Debug|Any CPU.Build.0 = Debug|Any CPU
		{896502A4-6781-4515-88BF-A5AD70A06CD7}.Release|Any CPU.ActiveCfg = Release|Any CPU
		{896502A4-6781-4515-88BF-A5AD70A06CD7}.Release|Any CPU.Build.0 = Release|Any CPU
		{6D43EB5F-59EE-4531-9FAD-9F0140101109}.Debug|Any CPU.ActiveCfg = Debug|Any CPU
		{6D43EB5F-59EE-4531-9FAD-9F0140101109}.Debug|Any CPU.Build.0 = Debug|Any CPU
		{6D43EB5F-59EE-4531-9FAD-9F0140101109}.Release|Any CPU.ActiveCfg = Release|Any CPU
		{6D43EB5F-59EE-4531-9FAD-9F0140101109}.Release|Any CPU.Build.0 = Release|Any CPU
		{3AB477B8-6356-4E30-8EA6-D301B54AD092}.Debug|Any CPU.ActiveCfg = Debug|Any CPU
		{3AB477B8-6356-4E30-8EA6-D301B54AD092}.Debug|Any CPU.Build.0 = Debug|Any CPU
		{3AB477B8-6356-4E30-8EA6-D301B54AD092}.Release|Any CPU.ActiveCfg = Release|Any CPU
		{3AB477B8-6356-4E30-8EA6-D301B54AD092}.Release|Any CPU.Build.0 = Release|Any CPU
	EndGlobalSection
	GlobalSection(SolutionProperties) = preSolution
		HideSolutionNode = FALSE
	EndGlobalSection
	GlobalSection(ExtensibilityGlobals) = postSolution
		SolutionGuid = {AF161299-B22E-4EA4-8820-EE69D7EDEAC8}
	EndGlobalSection
EndGlobal
